// !$*UTF8*$!
{
	archiveVersion = 1;
	classes = {
	};
	objectVersion = 56;
	objects = {

/* Begin PBXBuildFile section */
		DCEBA7452BBC9F68006D6808 /* WizardCahill2App.swift in Sources */ = {isa = PBXBuildFile; fileRef = DCEBA7442BBC9F68006D6808 /* WizardCahill2App.swift */; };
		DCEBA74C2BBC9F6A006D6808 /* Preview Assets.xcassets in Resources */ = {isa = PBXBuildFile; fileRef = DCEBA74B2BBC9F6A006D6808 /* Preview Assets.xcassets */; };
		DCEBA7562BBC9F6A006D6808 /* WizardCahill2Tests.swift in Sources */ = {isa = PBXBuildFile; fileRef = DCEBA7552BBC9F6A006D6808 /* WizardCahill2Tests.swift */; };
		DCEBA7602BBC9F6A006D6808 /* WizardCahill2UITests.swift in Sources */ = {isa = PBXBuildFile; fileRef = DCEBA75F2BBC9F6A006D6808 /* WizardCahill2UITests.swift */; };
		DCEBA7622BBC9F6A006D6808 /* WizardCahill2UITestsLaunchTests.swift in Sources */ = {isa = PBXBuildFile; fileRef = DCEBA7612BBC9F6A006D6808 /* WizardCahill2UITestsLaunchTests.swift */; };
		DCEBA7782BBC9F83006D6808 /* Assets.xcassets in Resources */ = {isa = PBXBuildFile; fileRef = DCEBA76E2BBC9F83006D6808 /* Assets.xcassets */; };
		DCEBA7792BBC9F83006D6808 /* ContentView.swift in Sources */ = {isa = PBXBuildFile; fileRef = DCEBA76F2BBC9F83006D6808 /* ContentView.swift */; };
		DCEBA77A2BBC9F83006D6808 /* StatusView.swift in Sources */ = {isa = PBXBuildFile; fileRef = DCEBA7702BBC9F83006D6808 /* StatusView.swift */; };
		DCEBA77B2BBC9F83006D6808 /* Truecat.otf in Resources */ = {isa = PBXBuildFile; fileRef = DCEBA7712BBC9F83006D6808 /* Truecat.otf */; };
		DCEBA77C2BBC9F83006D6808 /* TestButton.swift in Sources */ = {isa = PBXBuildFile; fileRef = DCEBA7722BBC9F83006D6808 /* TestButton.swift */; };
		DCEBA77D2BBC9F83006D6808 /* LearnView.swift in Sources */ = {isa = PBXBuildFile; fileRef = DCEBA7732BBC9F83006D6808 /* LearnView.swift */; };
		DCEBA77E2BBC9F83006D6808 /* BackgroundImage.swift in Sources */ = {isa = PBXBuildFile; fileRef = DCEBA7742BBC9F83006D6808 /* BackgroundImage.swift */; };
		DCEBA77F2BBC9F83006D6808 /* TestView.swift in Sources */ = {isa = PBXBuildFile; fileRef = DCEBA7752BBC9F83006D6808 /* TestView.swift */; };
		DCEBA7802BBC9F83006D6808 /* QuestionService.swift in Sources */ = {isa = PBXBuildFile; fileRef = DCEBA7762BBC9F83006D6808 /* QuestionService.swift */; };
		DCEBA7812BBC9F83006D6808 /* LearnService.swift in Sources */ = {isa = PBXBuildFile; fileRef = DCEBA7772BBC9F83006D6808 /* LearnService.swift */; };
/* End PBXBuildFile section */

/* Begin PBXContainerItemProxy section */
		DCEBA7522BBC9F6A006D6808 /* PBXContainerItemProxy */ = {
			isa = PBXContainerItemProxy;
			containerPortal = DCEBA7392BBC9F68006D6808 /* Project object */;
			proxyType = 1;
			remoteGlobalIDString = DCEBA7402BBC9F68006D6808;
			remoteInfo = WizardCahill2;
		};
		DCEBA75C2BBC9F6A006D6808 /* PBXContainerItemProxy */ = {
			isa = PBXContainerItemProxy;
			containerPortal = DCEBA7392BBC9F68006D6808 /* Project object */;
			proxyType = 1;
			remoteGlobalIDString = DCEBA7402BBC9F68006D6808;
			remoteInfo = WizardCahill2;
		};
/* End PBXContainerItemProxy section */

/* Begin PBXFileReference section */
		DCEBA7412BBC9F68006D6808 /* WizardCahill2.app */ = {isa = PBXFileReference; explicitFileType = wrapper.application; includeInIndex = 0; path = WizardCahill2.app; sourceTree = BUILT_PRODUCTS_DIR; };
		DCEBA7442BBC9F68006D6808 /* WizardCahill2App.swift */ = {isa = PBXFileReference; lastKnownFileType = sourcecode.swift; path = WizardCahill2App.swift; sourceTree = "<group>"; };
		DCEBA74B2BBC9F6A006D6808 /* Preview Assets.xcassets */ = {isa = PBXFileReference; lastKnownFileType = folder.assetcatalog; path = "Preview Assets.xcassets"; sourceTree = "<group>"; };
		DCEBA7512BBC9F6A006D6808 /* WizardCahill2Tests.xctest */ = {isa = PBXFileReference; explicitFileType = wrapper.cfbundle; includeInIndex = 0; path = WizardCahill2Tests.xctest; sourceTree = BUILT_PRODUCTS_DIR; };
		DCEBA7552BBC9F6A006D6808 /* WizardCahill2Tests.swift */ = {isa = PBXFileReference; lastKnownFileType = sourcecode.swift; path = WizardCahill2Tests.swift; sourceTree = "<group>"; };
		DCEBA75B2BBC9F6A006D6808 /* WizardCahill2UITests.xctest */ = {isa = PBXFileReference; explicitFileType = wrapper.cfbundle; includeInIndex = 0; path = WizardCahill2UITests.xctest; sourceTree = BUILT_PRODUCTS_DIR; };
		DCEBA75F2BBC9F6A006D6808 /* WizardCahill2UITests.swift */ = {isa = PBXFileReference; lastKnownFileType = sourcecode.swift; path = WizardCahill2UITests.swift; sourceTree = "<group>"; };
		DCEBA7612BBC9F6A006D6808 /* WizardCahill2UITestsLaunchTests.swift */ = {isa = PBXFileReference; lastKnownFileType = sourcecode.swift; path = WizardCahill2UITestsLaunchTests.swift; sourceTree = "<group>"; };
		DCEBA76E2BBC9F83006D6808 /* Assets.xcassets */ = {isa = PBXFileReference; lastKnownFileType = folder.assetcatalog; name = Assets.xcassets; path = ../../WizardCahill/WizardCahill/Assets.xcassets; sourceTree = "<group>"; };
		DCEBA76F2BBC9F83006D6808 /* ContentView.swift */ = {isa = PBXFileReference; fileEncoding = 4; lastKnownFileType = sourcecode.swift; name = ContentView.swift; path = ../../WizardCahill/WizardCahill/ContentView.swift; sourceTree = "<group>"; };
		DCEBA7702BBC9F83006D6808 /* StatusView.swift */ = {isa = PBXFileReference; fileEncoding = 4; lastKnownFileType = sourcecode.swift; path = StatusView.swift; sourceTree = "<group>"; };
		DCEBA7712BBC9F83006D6808 /* Truecat.otf */ = {isa = PBXFileReference; lastKnownFileType = file; path = Truecat.otf; sourceTree = "<group>"; };
		DCEBA7722BBC9F83006D6808 /* TestButton.swift */ = {isa = PBXFileReference; fileEncoding = 4; lastKnownFileType = sourcecode.swift; path = TestButton.swift; sourceTree = "<group>"; };
		DCEBA7732BBC9F83006D6808 /* LearnView.swift */ = {isa = PBXFileReference; fileEncoding = 4; lastKnownFileType = sourcecode.swift; path = LearnView.swift; sourceTree = "<group>"; };
		DCEBA7742BBC9F83006D6808 /* BackgroundImage.swift */ = {isa = PBXFileReference; fileEncoding = 4; lastKnownFileType = sourcecode.swift; path = BackgroundImage.swift; sourceTree = "<group>"; };
		DCEBA7752BBC9F83006D6808 /* TestView.swift */ = {isa = PBXFileReference; fileEncoding = 4; lastKnownFileType = sourcecode.swift; path = TestView.swift; sourceTree = "<group>"; };
		DCEBA7762BBC9F83006D6808 /* QuestionService.swift */ = {isa = PBXFileReference; fileEncoding = 4; lastKnownFileType = sourcecode.swift; path = QuestionService.swift; sourceTree = "<group>"; };
		DCEBA7772BBC9F83006D6808 /* LearnService.swift */ = {isa = PBXFileReference; fileEncoding = 4; lastKnownFileType = sourcecode.swift; path = LearnService.swift; sourceTree = "<group>"; };
		DCEBA7822BBC9FBD006D6808 /* Info.plist */ = {isa = PBXFileReference; lastKnownFileType = text.plist; path = Info.plist; sourceTree = "<group>"; };
/* End PBXFileReference section */

/* Begin PBXFrameworksBuildPhase section */
		DCEBA73E2BBC9F68006D6808 /* Frameworks */ = {
			isa = PBXFrameworksBuildPhase;
			buildActionMask = 2147483647;
			files = (
			);
			runOnlyForDeploymentPostprocessing = 0;
		};
		DCEBA74E2BBC9F6A006D6808 /* Frameworks */ = {
			isa = PBXFrameworksBuildPhase;
			buildActionMask = 2147483647;
			files = (
			);
			runOnlyForDeploymentPostprocessing = 0;
		};
		DCEBA7582BBC9F6A006D6808 /* Frameworks */ = {
			isa = PBXFrameworksBuildPhase;
			buildActionMask = 2147483647;
			files = (
			);
			runOnlyForDeploymentPostprocessing = 0;
		};
/* End PBXFrameworksBuildPhase section */

/* Begin PBXGroup section */
		DCEBA7382BBC9F68006D6808 = {
			isa = PBXGroup;
			children = (
				DCEBA7432BBC9F68006D6808 /* WizardCahill2 */,
				DCEBA7542BBC9F6A006D6808 /* WizardCahill2Tests */,
				DCEBA75E2BBC9F6A006D6808 /* WizardCahill2UITests */,
				DCEBA7422BBC9F68006D6808 /* Products */,
			);
			sourceTree = "<group>";
		};
		DCEBA7422BBC9F68006D6808 /* Products */ = {
			isa = PBXGroup;
			children = (
				DCEBA7412BBC9F68006D6808 /* WizardCahill2.app */,
				DCEBA7512BBC9F6A006D6808 /* WizardCahill2Tests.xctest */,
				DCEBA75B2BBC9F6A006D6808 /* WizardCahill2UITests.xctest */,
			);
			name = Products;
			sourceTree = "<group>";
		};
		DCEBA7432BBC9F68006D6808 /* WizardCahill2 */ = {
			isa = PBXGroup;
			children = (
				DCEBA7822BBC9FBD006D6808 /* Info.plist */,
				DCEBA76E2BBC9F83006D6808 /* Assets.xcassets */,
				DCEBA7742BBC9F83006D6808 /* BackgroundImage.swift */,
				DCEBA76F2BBC9F83006D6808 /* ContentView.swift */,
				DCEBA7772BBC9F83006D6808 /* LearnService.swift */,
				DCEBA7732BBC9F83006D6808 /* LearnView.swift */,
				DCEBA7762BBC9F83006D6808 /* QuestionService.swift */,
				DCEBA7702BBC9F83006D6808 /* StatusView.swift */,
				DCEBA7722BBC9F83006D6808 /* TestButton.swift */,
				DCEBA7752BBC9F83006D6808 /* TestView.swift */,
				DCEBA7712BBC9F83006D6808 /* Truecat.otf */,
				DCEBA7442BBC9F68006D6808 /* WizardCahill2App.swift */,
				DCEBA74A2BBC9F6A006D6808 /* Preview Content */,
			);
			path = WizardCahill2;
			sourceTree = "<group>";
		};
		DCEBA74A2BBC9F6A006D6808 /* Preview Content */ = {
			isa = PBXGroup;
			children = (
				DCEBA74B2BBC9F6A006D6808 /* Preview Assets.xcassets */,
			);
			path = "Preview Content";
			sourceTree = "<group>";
		};
		DCEBA7542BBC9F6A006D6808 /* WizardCahill2Tests */ = {
			isa = PBXGroup;
			children = (
				DCEBA7552BBC9F6A006D6808 /* WizardCahill2Tests.swift */,
			);
			path = WizardCahill2Tests;
			sourceTree = "<group>";
		};
		DCEBA75E2BBC9F6A006D6808 /* WizardCahill2UITests */ = {
			isa = PBXGroup;
			children = (
				DCEBA75F2BBC9F6A006D6808 /* WizardCahill2UITests.swift */,
				DCEBA7612BBC9F6A006D6808 /* WizardCahill2UITestsLaunchTests.swift */,
			);
			path = WizardCahill2UITests;
			sourceTree = "<group>";
		};
/* End PBXGroup section */

/* Begin PBXNativeTarget section */
		DCEBA7402BBC9F68006D6808 /* WizardCahill2 */ = {
			isa = PBXNativeTarget;
			buildConfigurationList = DCEBA7652BBC9F6A006D6808 /* Build configuration list for PBXNativeTarget "WizardCahill2" */;
			buildPhases = (
				DCEBA73D2BBC9F68006D6808 /* Sources */,
				DCEBA73E2BBC9F68006D6808 /* Frameworks */,
				DCEBA73F2BBC9F68006D6808 /* Resources */,
			);
			buildRules = (
			);
			dependencies = (
			);
			name = WizardCahill2;
			productName = WizardCahill2;
			productReference = DCEBA7412BBC9F68006D6808 /* WizardCahill2.app */;
			productType = "com.apple.product-type.application";
		};
		DCEBA7502BBC9F6A006D6808 /* WizardCahill2Tests */ = {
			isa = PBXNativeTarget;
			buildConfigurationList = DCEBA7682BBC9F6A006D6808 /* Build configuration list for PBXNativeTarget "WizardCahill2Tests" */;
			buildPhases = (
				DCEBA74D2BBC9F6A006D6808 /* Sources */,
				DCEBA74E2BBC9F6A006D6808 /* Frameworks */,
				DCEBA74F2BBC9F6A006D6808 /* Resources */,
			);
			buildRules = (
			);
			dependencies = (
				DCEBA7532BBC9F6A006D6808 /* PBXTargetDependency */,
			);
			name = WizardCahill2Tests;
			productName = WizardCahill2Tests;
			productReference = DCEBA7512BBC9F6A006D6808 /* WizardCahill2Tests.xctest */;
			productType = "com.apple.product-type.bundle.unit-test";
		};
		DCEBA75A2BBC9F6A006D6808 /* WizardCahill2UITests */ = {
			isa = PBXNativeTarget;
			buildConfigurationList = DCEBA76B2BBC9F6A006D6808 /* Build configuration list for PBXNativeTarget "WizardCahill2UITests" */;
			buildPhases = (
				DCEBA7572BBC9F6A006D6808 /* Sources */,
				DCEBA7582BBC9F6A006D6808 /* Frameworks */,
				DCEBA7592BBC9F6A006D6808 /* Resources */,
			);
			buildRules = (
			);
			dependencies = (
				DCEBA75D2BBC9F6A006D6808 /* PBXTargetDependency */,
			);
			name = WizardCahill2UITests;
			productName = WizardCahill2UITests;
			productReference = DCEBA75B2BBC9F6A006D6808 /* WizardCahill2UITests.xctest */;
			productType = "com.apple.product-type.bundle.ui-testing";
		};
/* End PBXNativeTarget section */

/* Begin PBXProject section */
		DCEBA7392BBC9F68006D6808 /* Project object */ = {
			isa = PBXProject;
			attributes = {
				BuildIndependentTargetsInParallel = 1;
				LastSwiftUpdateCheck = 1530;
				LastUpgradeCheck = 1530;
				TargetAttributes = {
					DCEBA7402BBC9F68006D6808 = {
						CreatedOnToolsVersion = 15.3;
					};
					DCEBA7502BBC9F6A006D6808 = {
						CreatedOnToolsVersion = 15.3;
						TestTargetID = DCEBA7402BBC9F68006D6808;
					};
					DCEBA75A2BBC9F6A006D6808 = {
						CreatedOnToolsVersion = 15.3;
						TestTargetID = DCEBA7402BBC9F68006D6808;
					};
				};
			};
			buildConfigurationList = DCEBA73C2BBC9F68006D6808 /* Build configuration list for PBXProject "WizardCahill2" */;
			compatibilityVersion = "Xcode 14.0";
			developmentRegion = en;
			hasScannedForEncodings = 0;
			knownRegions = (
				en,
				Base,
			);
			mainGroup = DCEBA7382BBC9F68006D6808;
			productRefGroup = DCEBA7422BBC9F68006D6808 /* Products */;
			projectDirPath = "";
			projectRoot = "";
			targets = (
				DCEBA7402BBC9F68006D6808 /* WizardCahill2 */,
				DCEBA7502BBC9F6A006D6808 /* WizardCahill2Tests */,
				DCEBA75A2BBC9F6A006D6808 /* WizardCahill2UITests */,
			);
		};
/* End PBXProject section */

/* Begin PBXResourcesBuildPhase section */
		DCEBA73F2BBC9F68006D6808 /* Resources */ = {
			isa = PBXResourcesBuildPhase;
			buildActionMask = 2147483647;
			files = (
				DCEBA7782BBC9F83006D6808 /* Assets.xcassets in Resources */,
				DCEBA74C2BBC9F6A006D6808 /* Preview Assets.xcassets in Resources */,
				DCEBA77B2BBC9F83006D6808 /* Truecat.otf in Resources */,
			);
			runOnlyForDeploymentPostprocessing = 0;
		};
		DCEBA74F2BBC9F6A006D6808 /* Resources */ = {
			isa = PBXResourcesBuildPhase;
			buildActionMask = 2147483647;
			files = (
			);
			runOnlyForDeploymentPostprocessing = 0;
		};
		DCEBA7592BBC9F6A006D6808 /* Resources */ = {
			isa = PBXResourcesBuildPhase;
			buildActionMask = 2147483647;
			files = (
			);
			runOnlyForDeploymentPostprocessing = 0;
		};
/* End PBXResourcesBuildPhase section */

/* Begin PBXSourcesBuildPhase section */
		DCEBA73D2BBC9F68006D6808 /* Sources */ = {
			isa = PBXSourcesBuildPhase;
			buildActionMask = 2147483647;
			files = (
				DCEBA77F2BBC9F83006D6808 /* TestView.swift in Sources */,
				DCEBA7802BBC9F83006D6808 /* QuestionService.swift in Sources */,
				DCEBA77D2BBC9F83006D6808 /* LearnView.swift in Sources */,
				DCEBA7792BBC9F83006D6808 /* ContentView.swift in Sources */,
				DCEBA7452BBC9F68006D6808 /* WizardCahill2App.swift in Sources */,
				DCEBA77E2BBC9F83006D6808 /* BackgroundImage.swift in Sources */,
				DCEBA77A2BBC9F83006D6808 /* StatusView.swift in Sources */,
				DCEBA7812BBC9F83006D6808 /* LearnService.swift in Sources */,
				DCEBA77C2BBC9F83006D6808 /* TestButton.swift in Sources */,
			);
			runOnlyForDeploymentPostprocessing = 0;
		};
		DCEBA74D2BBC9F6A006D6808 /* Sources */ = {
			isa = PBXSourcesBuildPhase;
			buildActionMask = 2147483647;
			files = (
				DCEBA7562BBC9F6A006D6808 /* WizardCahill2Tests.swift in Sources */,
			);
			runOnlyForDeploymentPostprocessing = 0;
		};
		DCEBA7572BBC9F6A006D6808 /* Sources */ = {
			isa = PBXSourcesBuildPhase;
			buildActionMask = 2147483647;
			files = (
				DCEBA7602BBC9F6A006D6808 /* WizardCahill2UITests.swift in Sources */,
				DCEBA7622BBC9F6A006D6808 /* WizardCahill2UITestsLaunchTests.swift in Sources */,
			);
			runOnlyForDeploymentPostprocessing = 0;
		};
/* End PBXSourcesBuildPhase section */

/* Begin PBXTargetDependency section */
		DCEBA7532BBC9F6A006D6808 /* PBXTargetDependency */ = {
			isa = PBXTargetDependency;
			target = DCEBA7402BBC9F68006D6808 /* WizardCahill2 */;
			targetProxy = DCEBA7522BBC9F6A006D6808 /* PBXContainerItemProxy */;
		};
		DCEBA75D2BBC9F6A006D6808 /* PBXTargetDependency */ = {
			isa = PBXTargetDependency;
			target = DCEBA7402BBC9F68006D6808 /* WizardCahill2 */;
			targetProxy = DCEBA75C2BBC9F6A006D6808 /* PBXContainerItemProxy */;
		};
/* End PBXTargetDependency section */

/* Begin XCBuildConfiguration section */
		DCEBA7632BBC9F6A006D6808 /* Debug */ = {
			isa = XCBuildConfiguration;
			buildSettings = {
				ALWAYS_SEARCH_USER_PATHS = NO;
				ASSETCATALOG_COMPILER_GENERATE_SWIFT_ASSET_SYMBOL_EXTENSIONS = YES;
				CLANG_ANALYZER_NONNULL = YES;
				CLANG_ANALYZER_NUMBER_OBJECT_CONVERSION = YES_AGGRESSIVE;
				CLANG_CXX_LANGUAGE_STANDARD = "gnu++20";
				CLANG_ENABLE_MODULES = YES;
				CLANG_ENABLE_OBJC_ARC = YES;
				CLANG_ENABLE_OBJC_WEAK = YES;
				CLANG_WARN_BLOCK_CAPTURE_AUTORELEASING = YES;
				CLANG_WARN_BOOL_CONVERSION = YES;
				CLANG_WARN_COMMA = YES;
				CLANG_WARN_CONSTANT_CONVERSION = YES;
				CLANG_WARN_DEPRECATED_OBJC_IMPLEMENTATIONS = YES;
				CLANG_WARN_DIRECT_OBJC_ISA_USAGE = YES_ERROR;
				CLANG_WARN_DOCUMENTATION_COMMENTS = YES;
				CLANG_WARN_EMPTY_BODY = YES;
				CLANG_WARN_ENUM_CONVERSION = YES;
				CLANG_WARN_INFINITE_RECURSION = YES;
				CLANG_WARN_INT_CONVERSION = YES;
				CLANG_WARN_NON_LITERAL_NULL_CONVERSION = YES;
				CLANG_WARN_OBJC_IMPLICIT_RETAIN_SELF = YES;
				CLANG_WARN_OBJC_LITERAL_CONVERSION = YES;
				CLANG_WARN_OBJC_ROOT_CLASS = YES_ERROR;
				CLANG_WARN_QUOTED_INCLUDE_IN_FRAMEWORK_HEADER = YES;
				CLANG_WARN_RANGE_LOOP_ANALYSIS = YES;
				CLANG_WARN_STRICT_PROTOTYPES = YES;
				CLANG_WARN_SUSPICIOUS_MOVE = YES;
				CLANG_WARN_UNGUARDED_AVAILABILITY = YES_AGGRESSIVE;
				CLANG_WARN_UNREACHABLE_CODE = YES;
				CLANG_WARN__DUPLICATE_METHOD_MATCH = YES;
				COPY_PHASE_STRIP = NO;
				DEBUG_INFORMATION_FORMAT = dwarf;
				ENABLE_STRICT_OBJC_MSGSEND = YES;
				ENABLE_TESTABILITY = YES;
				ENABLE_USER_SCRIPT_SANDBOXING = YES;
				GCC_C_LANGUAGE_STANDARD = gnu17;
				GCC_DYNAMIC_NO_PIC = NO;
				GCC_NO_COMMON_BLOCKS = YES;
				GCC_OPTIMIZATION_LEVEL = 0;
				GCC_PREPROCESSOR_DEFINITIONS = (
					"DEBUG=1",
					"$(inherited)",
				);
				GCC_WARN_64_TO_32_BIT_CONVERSION = YES;
				GCC_WARN_ABOUT_RETURN_TYPE = YES_ERROR;
				GCC_WARN_UNDECLARED_SELECTOR = YES;
				GCC_WARN_UNINITIALIZED_AUTOS = YES_AGGRESSIVE;
				GCC_WARN_UNUSED_FUNCTION = YES;
				GCC_WARN_UNUSED_VARIABLE = YES;
				IPHONEOS_DEPLOYMENT_TARGET = 17.4;
				LOCALIZATION_PREFERS_STRING_CATALOGS = YES;
				MTL_ENABLE_DEBUG_INFO = INCLUDE_SOURCE;
				MTL_FAST_MATH = YES;
				ONLY_ACTIVE_ARCH = YES;
				SDKROOT = iphoneos;
				SWIFT_ACTIVE_COMPILATION_CONDITIONS = "DEBUG $(inherited)";
				SWIFT_OPTIMIZATION_LEVEL = "-Onone";
			};
			name = Debug;
		};
		DCEBA7642BBC9F6A006D6808 /* Release */ = {
			isa = XCBuildConfiguration;
			buildSettings = {
				ALWAYS_SEARCH_USER_PATHS = NO;
				ASSETCATALOG_COMPILER_GENERATE_SWIFT_ASSET_SYMBOL_EXTENSIONS = YES;
				CLANG_ANALYZER_NONNULL = YES;
				CLANG_ANALYZER_NUMBER_OBJECT_CONVERSION = YES_AGGRESSIVE;
				CLANG_CXX_LANGUAGE_STANDARD = "gnu++20";
				CLANG_ENABLE_MODULES = YES;
				CLANG_ENABLE_OBJC_ARC = YES;
				CLANG_ENABLE_OBJC_WEAK = YES;
				CLANG_WARN_BLOCK_CAPTURE_AUTORELEASING = YES;
				CLANG_WARN_BOOL_CONVERSION = YES;
				CLANG_WARN_COMMA = YES;
				CLANG_WARN_CONSTANT_CONVERSION = YES;
				CLANG_WARN_DEPRECATED_OBJC_IMPLEMENTATIONS = YES;
				CLANG_WARN_DIRECT_OBJC_ISA_USAGE = YES_ERROR;
				CLANG_WARN_DOCUMENTATION_COMMENTS = YES;
				CLANG_WARN_EMPTY_BODY = YES;
				CLANG_WARN_ENUM_CONVERSION = YES;
				CLANG_WARN_INFINITE_RECURSION = YES;
				CLANG_WARN_INT_CONVERSION = YES;
				CLANG_WARN_NON_LITERAL_NULL_CONVERSION = YES;
				CLANG_WARN_OBJC_IMPLICIT_RETAIN_SELF = YES;
				CLANG_WARN_OBJC_LITERAL_CONVERSION = YES;
				CLANG_WARN_OBJC_ROOT_CLASS = YES_ERROR;
				CLANG_WARN_QUOTED_INCLUDE_IN_FRAMEWORK_HEADER = YES;
				CLANG_WARN_RANGE_LOOP_ANALYSIS = YES;
				CLANG_WARN_STRICT_PROTOTYPES = YES;
				CLANG_WARN_SUSPICIOUS_MOVE = YES;
				CLANG_WARN_UNGUARDED_AVAILABILITY = YES_AGGRESSIVE;
				CLANG_WARN_UNREACHABLE_CODE = YES;
				CLANG_WARN__DUPLICATE_METHOD_MATCH = YES;
				COPY_PHASE_STRIP = NO;
				DEBUG_INFORMATION_FORMAT = "dwarf-with-dsym";
				ENABLE_NS_ASSERTIONS = NO;
				ENABLE_STRICT_OBJC_MSGSEND = YES;
				ENABLE_USER_SCRIPT_SANDBOXING = YES;
				GCC_C_LANGUAGE_STANDARD = gnu17;
				GCC_NO_COMMON_BLOCKS = YES;
				GCC_WARN_64_TO_32_BIT_CONVERSION = YES;
				GCC_WARN_ABOUT_RETURN_TYPE = YES_ERROR;
				GCC_WARN_UNDECLARED_SELECTOR = YES;
				GCC_WARN_UNINITIALIZED_AUTOS = YES_AGGRESSIVE;
				GCC_WARN_UNUSED_FUNCTION = YES;
				GCC_WARN_UNUSED_VARIABLE = YES;
				IPHONEOS_DEPLOYMENT_TARGET = 17.4;
				LOCALIZATION_PREFERS_STRING_CATALOGS = YES;
				MTL_ENABLE_DEBUG_INFO = NO;
				MTL_FAST_MATH = YES;
				SDKROOT = iphoneos;
				SWIFT_COMPILATION_MODE = wholemodule;
				VALIDATE_PRODUCT = YES;
			};
			name = Release;
		};
		DCEBA7662BBC9F6A006D6808 /* Debug */ = {
			isa = XCBuildConfiguration;
			buildSettings = {
				ASSETCATALOG_COMPILER_APPICON_NAME = AppIcon;
				ASSETCATALOG_COMPILER_GLOBAL_ACCENT_COLOR_NAME = AccentColor;
				CODE_SIGN_STYLE = Automatic;
				CURRENT_PROJECT_VERSION = 1;
				DEVELOPMENT_ASSET_PATHS = "\"WizardCahill2/Preview Content\"";
				DEVELOPMENT_TEAM = LS3Y2YC4L7;
				ENABLE_PREVIEWS = YES;
				GENERATE_INFOPLIST_FILE = YES;
				INFOPLIST_FILE = WizardCahill2/Info.plist;
				INFOPLIST_KEY_UIApplicationSceneManifest_Generation = YES;
				INFOPLIST_KEY_UIApplicationSupportsIndirectInputEvents = YES;
				INFOPLIST_KEY_UILaunchScreen_Generation = YES;
				INFOPLIST_KEY_UISupportedInterfaceOrientations = UIInterfaceOrientationPortrait;
				INFOPLIST_KEY_UISupportedInterfaceOrientations_iPad = "UIInterfaceOrientationPortrait UIInterfaceOrientationPortraitUpsideDown";
				LD_RUNPATH_SEARCH_PATHS = (
					"$(inherited)",
					"@executable_path/Frameworks",
				);
				MARKETING_VERSION = 1.0;
				PRODUCT_BUNDLE_IDENTIFIER = com.kseim.WizardCahill2;
				PRODUCT_NAME = "$(TARGET_NAME)";
				SUPPORTED_PLATFORMS = "iphoneos iphonesimulator";
				SUPPORTS_MACCATALYST = NO;
				SUPPORTS_MAC_DESIGNED_FOR_IPHONE_IPAD = NO;
				SUPPORTS_XR_DESIGNED_FOR_IPHONE_IPAD = NO;
				SWIFT_EMIT_LOC_STRINGS = YES;
				SWIFT_VERSION = 5.0;
				TARGETED_DEVICE_FAMILY = 2;
			};
			name = Debug;
		};
		DCEBA7672BBC9F6A006D6808 /* Release */ = {
			isa = XCBuildConfiguration;
			buildSettings = {
				ASSETCATALOG_COMPILER_APPICON_NAME = AppIcon;
				ASSETCATALOG_COMPILER_GLOBAL_ACCENT_COLOR_NAME = AccentColor;
				CODE_SIGN_STYLE = Automatic;
				CURRENT_PROJECT_VERSION = 1;
				DEVELOPMENT_ASSET_PATHS = "\"WizardCahill2/Preview Content\"";
				DEVELOPMENT_TEAM = LS3Y2YC4L7;
				ENABLE_PREVIEWS = YES;
				GENERATE_INFOPLIST_FILE = YES;
				INFOPLIST_FILE = WizardCahill2/Info.plist;
				INFOPLIST_KEY_UIApplicationSceneManifest_Generation = YES;
				INFOPLIST_KEY_UIApplicationSupportsIndirectInputEvents = YES;
				INFOPLIST_KEY_UILaunchScreen_Generation = YES;
				INFOPLIST_KEY_UISupportedInterfaceOrientations = UIInterfaceOrientationPortrait;
				INFOPLIST_KEY_UISupportedInterfaceOrientations_iPad = "UIInterfaceOrientationPortrait UIInterfaceOrientationPortraitUpsideDown";
				LD_RUNPATH_SEARCH_PATHS = (
					"$(inherited)",
					"@executable_path/Frameworks",
				);
				MARKETING_VERSION = 1.0;
				PRODUCT_BUNDLE_IDENTIFIER = com.kseim.WizardCahill2;
				PRODUCT_NAME = "$(TARGET_NAME)";
				SUPPORTED_PLATFORMS = "iphoneos iphonesimulator";
				SUPPORTS_MACCATALYST = NO;
				SUPPORTS_MAC_DESIGNED_FOR_IPHONE_IPAD = NO;
				SUPPORTS_XR_DESIGNED_FOR_IPHONE_IPAD = NO;
				SWIFT_EMIT_LOC_STRINGS = YES;
				SWIFT_VERSION = 5.0;
				TARGETED_DEVICE_FAMILY = 2;
			};
			name = Release;
		};
		DCEBA7692BBC9F6A006D6808 /* Debug */ = {
			isa = XCBuildConfiguration;
			buildSettings = {
				ALWAYS_EMBED_SWIFT_STANDARD_LIBRARIES = YES;
				BUNDLE_LOADER = "$(TEST_HOST)";
				CODE_SIGN_STYLE = Automatic;
				CURRENT_PROJECT_VERSION = 1;
				DEVELOPMENT_TEAM = LS3Y2YC4L7;
				GENERATE_INFOPLIST_FILE = YES;
				IPHONEOS_DEPLOYMENT_TARGET = 17.4;
				MARKETING_VERSION = 1.0;
				PRODUCT_BUNDLE_IDENTIFIER = com.kseim.WizardCahill2Tests;
				PRODUCT_NAME = "$(TARGET_NAME)";
				SWIFT_EMIT_LOC_STRINGS = NO;
				SWIFT_VERSION = 5.0;
				TARGETED_DEVICE_FAMILY = "1,2";
				TEST_HOST = "$(BUILT_PRODUCTS_DIR)/WizardCahill2.app/$(BUNDLE_EXECUTABLE_FOLDER_PATH)/WizardCahill2";
			};
			name = Debug;
		};
		DCEBA76A2BBC9F6A006D6808 /* Release */ = {
			isa = XCBuildConfiguration;
			buildSettings = {
				ALWAYS_EMBED_SWIFT_STANDARD_LIBRARIES = YES;
				BUNDLE_LOADER = "$(TEST_HOST)";
				CODE_SIGN_STYLE = Automatic;
				CURRENT_PROJECT_VERSION = 1;
				DEVELOPMENT_TEAM = LS3Y2YC4L7;
				GENERATE_INFOPLIST_FILE = YES;
				IPHONEOS_DEPLOYMENT_TARGET = 17.4;
				MARKETING_VERSION = 1.0;
				PRODUCT_BUNDLE_IDENTIFIER = com.kseim.WizardCahill2Tests;
				PRODUCT_NAME = "$(TARGET_NAME)";
				SWIFT_EMIT_LOC_STRINGS = NO;
				SWIFT_VERSION = 5.0;
				TARGETED_DEVICE_FAMILY = "1,2";
				TEST_HOST = "$(BUILT_PRODUCTS_DIR)/WizardCahill2.app/$(BUNDLE_EXECUTABLE_FOLDER_PATH)/WizardCahill2";
			};
			name = Release;
		};
		DCEBA76C2BBC9F6A006D6808 /* Debug */ = {
			isa = XCBuildConfiguration;
			buildSettings = {
				ALWAYS_EMBED_SWIFT_STANDARD_LIBRARIES = YES;
				CODE_SIGN_STYLE = Automatic;
				CURRENT_PROJECT_VERSION = 1;
				DEVELOPMENT_TEAM = LS3Y2YC4L7;
				GENERATE_INFOPLIST_FILE = YES;
				MARKETING_VERSION = 1.0;
				PRODUCT_BUNDLE_IDENTIFIER = com.kseim.WizardCahill2UITests;
				PRODUCT_NAME = "$(TARGET_NAME)";
				SWIFT_EMIT_LOC_STRINGS = NO;
				SWIFT_VERSION = 5.0;
				TARGETED_DEVICE_FAMILY = "1,2";
				TEST_TARGET_NAME = WizardCahill2;
			};
			name = Debug;
		};
		DCEBA76D2BBC9F6A006D6808 /* Release */ = {
			isa = XCBuildConfiguration;
			buildSettings = {
				ALWAYS_EMBED_SWIFT_STANDARD_LIBRARIES = YES;
				CODE_SIGN_STYLE = Automatic;
				CURRENT_PROJECT_VERSION = 1;
				DEVELOPMENT_TEAM = LS3Y2YC4L7;
				GENERATE_INFOPLIST_FILE = YES;
				MARKETING_VERSION = 1.0;
				PRODUCT_BUNDLE_IDENTIFIER = com.kseim.WizardCahill2UITests;
				PRODUCT_NAME = "$(TARGET_NAME)";
				SWIFT_EMIT_LOC_STRINGS = NO;
				SWIFT_VERSION = 5.0;
				TARGETED_DEVICE_FAMILY = "1,2";
				TEST_TARGET_NAME = WizardCahill2;
			};
			name = Release;
		};
/* End XCBuildConfiguration section */

/* Begin XCConfigurationList section */
		DCEBA73C2BBC9F68006D6808 /* Build configuration list for PBXProject "WizardCahill2" */ = {
			isa = XCConfigurationList;
			buildConfigurations = (
				DCEBA7632BBC9F6A006D6808 /* Debug */,
				DCEBA7642BBC9F6A006D6808 /* Release */,
			);
			defaultConfigurationIsVisible = 0;
			defaultConfigurationName = Release;
		};
		DCEBA7652BBC9F6A006D6808 /* Build configuration list for PBXNativeTarget "WizardCahill2" */ = {
			isa = XCConfigurationList;
			buildConfigurations = (
				DCEBA7662BBC9F6A006D6808 /* Debug */,
				DCEBA7672BBC9F6A006D6808 /* Release */,
			);
			defaultConfigurationIsVisible = 0;
			defaultConfigurationName = Release;
		};
		DCEBA7682BBC9F6A006D6808 /* Build configuration list for PBXNativeTarget "WizardCahill2Tests" */ = {
			isa = XCConfigurationList;
			buildConfigurations = (
				DCEBA7692BBC9F6A006D6808 /* Debug */,
				DCEBA76A2BBC9F6A006D6808 /* Release */,
			);
			defaultConfigurationIsVisible = 0;
			defaultConfigurationName = Release;
		};
		DCEBA76B2BBC9F6A006D6808 /* Build configuration list for PBXNativeTarget "WizardCahill2UITests" */ = {
			isa = XCConfigurationList;
			buildConfigurations = (
				DCEBA76C2BBC9F6A006D6808 /* Debug */,
				DCEBA76D2BBC9F6A006D6808 /* Release */,
			);
			defaultConfigurationIsVisible = 0;
			defaultConfigurationName = Release;
		};
/* End XCConfigurationList section */
	};
	rootObject = DCEBA7392BBC9F68006D6808 /* Project object */;
}
